{
  "name": "x-jv-project",
  "version": "1.0.0",
  "lockfileVersion": 2,
  "requires": true,
  "packages": {
    "": {
      "name": "x-jv-project",
      "version": "1.0.0",
      "license": "MIT",
      "dependencies": {
        "x-jv-project": "^1.0.0"
      }
    },
    "node_modules/x-jv-project": {
      "version": "1.0.0",
      "resolved": "https://registry.npmjs.org/x-jv-project/-/x-jv-project-1.0.0.tgz",
      "integrity": "sha512-7uNpU2NmciNfIaRxZTGKrENGzAx4EFPym4ASXmHMf+25zl8yDlGmJsJ6oFDkpiinQmry3x7YIvA9+NGf0f9joA=="
    }
  },
  "dependencies": {
    "x-jv-project": {
      "version": "1.0.0",
      "resolved": "https://registry.npmjs.org/x-jv-project/-/x-jv-project-1.0.0.tgz",
      "integrity": "sha512-7uNpU2NmciNfIaRxZTGKrENGzAx4EFPym4ASXmHMf+25zl8yDlGmJsJ6oFDkpiinQmry3x7YIvA9+NGf0f9joA=="
    }
  }
}
